// !$*UTF8*$!
{
	archiveVersion = 1;
	classes = {
	};
	objectVersion = 46;
	objects = {

/* Begin PBXBuildFile section */
		4503AE151AFBC3D8006AB1F0 /* ArrayEditor.swift in Sources */ = {isa = PBXBuildFile; fileRef = 4503AE141AFBC3D8006AB1F0 /* ArrayEditor.swift */; };
		4503AE191AFCDE1F006AB1F0 /* SignalMap.swift in Sources */ = {isa = PBXBuildFile; fileRef = 4503AE181AFCDE1F006AB1F0 /* SignalMap.swift */; };
		4503AE1C1AFCDF71006AB1F0 /* SignalFilter.swift in Sources */ = {isa = PBXBuildFile; fileRef = 4503AE1B1AFCDF71006AB1F0 /* SignalFilter.swift */; };
		4503AE201AFCE13B006AB1F0 /* DictionarySignalSortingArrayStorage.swift in Sources */ = {isa = PBXBuildFile; fileRef = 4503AE1F1AFCE13B006AB1F0 /* DictionarySignalSortingArrayStorage.swift */; };
		4503AE241AFD9431006AB1F0 /* DictionarySignalSubsetDictionaryStorage.swift in Sources */ = {isa = PBXBuildFile; fileRef = 4503AE231AFD9431006AB1F0 /* DictionarySignalSubsetDictionaryStorage.swift */; };
		4503AE261AFD9EEF006AB1F0 /* DictionaryEditor.swift in Sources */ = {isa = PBXBuildFile; fileRef = 4503AE251AFD9EEF006AB1F0 /* DictionaryEditor.swift */; };
		45611FFC1AFB9AAD00E7E5FA /* _junkyard.swift in Sources */ = {isa = PBXBuildFile; fileRef = 45611FFB1AFB9AAD00E7E5FA /* _junkyard.swift */; };
		4563E0451AF8E1D600AA9EA6 /* ValueStorage.swift in Sources */ = {isa = PBXBuildFile; fileRef = 4563E0441AF8E1D600AA9EA6 /* ValueStorage.swift */; };
		4563E0471AF8E7F300AA9EA6 /* SignalEmitter.swift in Sources */ = {isa = PBXBuildFile; fileRef = 4563E0461AF8E7F300AA9EA6 /* SignalEmitter.swift */; };
		4563E0491AF8E86100AA9EA6 /* SignalSensor.swift in Sources */ = {isa = PBXBuildFile; fileRef = 4563E0481AF8E86100AA9EA6 /* SignalSensor.swift */; };
		4563E04E1AF8F35600AA9EA6 /* CollectionTransaction.swift in Sources */ = {isa = PBXBuildFile; fileRef = 4563E04A1AF8F35600AA9EA6 /* CollectionTransaction.swift */; };
		4563E04F1AF8F35600AA9EA6 /* SetSignal.swift in Sources */ = {isa = PBXBuildFile; fileRef = 4563E04B1AF8F35600AA9EA6 /* SetSignal.swift */; };
		4563E0501AF8F35600AA9EA6 /* ArraySignal.swift in Sources */ = {isa = PBXBuildFile; fileRef = 4563E04C1AF8F35600AA9EA6 /* ArraySignal.swift */; };
		4563E0511AF8F35600AA9EA6 /* DictionarySignal.swift in Sources */ = {isa = PBXBuildFile; fileRef = 4563E04D1AF8F35600AA9EA6 /* DictionarySignal.swift */; };
		4563E0551AF8F3F800AA9EA6 /* OrderingTreeSignal.swift in Sources */ = {isa = PBXBuildFile; fileRef = 4563E0541AF8F3F800AA9EA6 /* OrderingTreeSignal.swift */; };
		4563E0571AF8F3FF00AA9EA6 /* OrderlessTreeSignal.swift in Sources */ = {isa = PBXBuildFile; fileRef = 4563E0561AF8F3FF00AA9EA6 /* OrderlessTreeSignal.swift */; };
		4563E05C1AF8F4F400AA9EA6 /* ArrayStorage.swift in Sources */ = {isa = PBXBuildFile; fileRef = 4563E05B1AF8F4F400AA9EA6 /* ArrayStorage.swift */; };
		4563E05E1AF8F7EA00AA9EA6 /* ArrayDiffset.swift in Sources */ = {isa = PBXBuildFile; fileRef = 4563E05D1AF8F7EA00AA9EA6 /* ArrayDiffset.swift */; };
		4563E06A1AF8FCA800AA9EA6 /* Channel3Mobile.h in Headers */ = {isa = PBXBuildFile; fileRef = 4563E0691AF8FCA800AA9EA6 /* Channel3Mobile.h */; settings = {ATTRIBUTES = (Public, ); }; };
		4563E07E1AF8FCBD00AA9EA6 /* Protocols.swift in Sources */ = {isa = PBXBuildFile; fileRef = 45E3F1B91AF8AF600078E7E8 /* Protocols.swift */; };
		4563E07F1AF8FCBD00AA9EA6 /* SignalEmitter.swift in Sources */ = {isa = PBXBuildFile; fileRef = 4563E0461AF8E7F300AA9EA6 /* SignalEmitter.swift */; };
		4563E0801AF8FCBD00AA9EA6 /* SignalSensor.swift in Sources */ = {isa = PBXBuildFile; fileRef = 4563E0481AF8E86100AA9EA6 /* SignalSensor.swift */; };
		4563E0811AF8FCBD00AA9EA6 /* ValueStorage.swift in Sources */ = {isa = PBXBuildFile; fileRef = 4563E0441AF8E1D600AA9EA6 /* ValueStorage.swift */; };
		4563E0821AF8FCBD00AA9EA6 /* ArrayStorage.swift in Sources */ = {isa = PBXBuildFile; fileRef = 4563E05B1AF8F4F400AA9EA6 /* ArrayStorage.swift */; };
		4563E0831AF8FCBD00AA9EA6 /* CollectionTransaction.swift in Sources */ = {isa = PBXBuildFile; fileRef = 4563E04A1AF8F35600AA9EA6 /* CollectionTransaction.swift */; };
		4563E0841AF8FCBD00AA9EA6 /* SetSignal.swift in Sources */ = {isa = PBXBuildFile; fileRef = 4563E04B1AF8F35600AA9EA6 /* SetSignal.swift */; };
		4563E0851AF8FCBD00AA9EA6 /* ArraySignal.swift in Sources */ = {isa = PBXBuildFile; fileRef = 4563E04C1AF8F35600AA9EA6 /* ArraySignal.swift */; };
		4563E0861AF8FCBD00AA9EA6 /* DictionarySignal.swift in Sources */ = {isa = PBXBuildFile; fileRef = 4563E04D1AF8F35600AA9EA6 /* DictionarySignal.swift */; };
		4563E0871AF8FCBD00AA9EA6 /* OrderingTreeSignal.swift in Sources */ = {isa = PBXBuildFile; fileRef = 4563E0541AF8F3F800AA9EA6 /* OrderingTreeSignal.swift */; };
		4563E0881AF8FCBD00AA9EA6 /* OrderlessTreeSignal.swift in Sources */ = {isa = PBXBuildFile; fileRef = 4563E0561AF8F3FF00AA9EA6 /* OrderlessTreeSignal.swift */; };
		4563E0891AF8FCBD00AA9EA6 /* ArrayDiffset.swift in Sources */ = {isa = PBXBuildFile; fileRef = 4563E05D1AF8F7EA00AA9EA6 /* ArrayDiffset.swift */; };
		4563E08B1AF8FE4700AA9EA6 /* UIKit.framework in Frameworks */ = {isa = PBXBuildFile; fileRef = 4563E08A1AF8FE4700AA9EA6 /* UIKit.framework */; };
		45D987AB1AF923BB003A5BC0 /* DictionaryStorage.swift in Sources */ = {isa = PBXBuildFile; fileRef = 45D987AA1AF923BB003A5BC0 /* DictionaryStorage.swift */; };
		45D987AD1AF923C0003A5BC0 /* SetStorage.swift in Sources */ = {isa = PBXBuildFile; fileRef = 45D987AC1AF923C0003A5BC0 /* SetStorage.swift */; };
		45D987AF1AF924C2003A5BC0 /* CollectionStorage.swift in Sources */ = {isa = PBXBuildFile; fileRef = 45D987AE1AF924C2003A5BC0 /* CollectionStorage.swift */; };
		45E3F1B31AF8AF570078E7E8 /* main.swift in Sources */ = {isa = PBXBuildFile; fileRef = 45E3F1B21AF8AF570078E7E8 /* main.swift */; };
		45E3F1BA1AF8AF600078E7E8 /* Protocols.swift in Sources */ = {isa = PBXBuildFile; fileRef = 45E3F1B91AF8AF600078E7E8 /* Protocols.swift */; };
		45E3F1BE1AF8BB820078E7E8 /* _Observatory.swift in Sources */ = {isa = PBXBuildFile; fileRef = 45E3F1BD1AF8BB820078E7E8 /* _Observatory.swift */; };
/* End PBXBuildFile section */

/* Begin PBXCopyFilesBuildPhase section */
		45E3F1AD1AF8AF570078E7E8 /* CopyFiles */ = {
			isa = PBXCopyFilesBuildPhase;
			buildActionMask = 2147483647;
			dstPath = /usr/share/man/man1/;
			dstSubfolderSpec = 0;
			files = (
			);
			runOnlyForDeploymentPostprocessing = 1;
		};
/* End PBXCopyFilesBuildPhase section */

/* Begin PBXFileReference section */
		4503AE141AFBC3D8006AB1F0 /* ArrayEditor.swift */ = {isa = PBXFileReference; fileEncoding = 4; lastKnownFileType = sourcecode.swift; path = ArrayEditor.swift; sourceTree = "<group>"; };
		4503AE181AFCDE1F006AB1F0 /* SignalMap.swift */ = {isa = PBXFileReference; fileEncoding = 4; lastKnownFileType = sourcecode.swift; path = SignalMap.swift; sourceTree = "<group>"; };
		4503AE1B1AFCDF71006AB1F0 /* SignalFilter.swift */ = {isa = PBXFileReference; fileEncoding = 4; lastKnownFileType = sourcecode.swift; path = SignalFilter.swift; sourceTree = "<group>"; };
		4503AE1F1AFCE13B006AB1F0 /* DictionarySignalSortingArrayStorage.swift */ = {isa = PBXFileReference; fileEncoding = 4; lastKnownFileType = sourcecode.swift; path = DictionarySignalSortingArrayStorage.swift; sourceTree = "<group>"; };
		4503AE231AFD9431006AB1F0 /* DictionarySignalSubsetDictionaryStorage.swift */ = {isa = PBXFileReference; fileEncoding = 4; lastKnownFileType = sourcecode.swift; path = DictionarySignalSubsetDictionaryStorage.swift; sourceTree = "<group>"; };
		4503AE251AFD9EEF006AB1F0 /* DictionaryEditor.swift */ = {isa = PBXFileReference; fileEncoding = 4; lastKnownFileType = sourcecode.swift; path = DictionaryEditor.swift; sourceTree = "<group>"; };
		45611FFB1AFB9AAD00E7E5FA /* _junkyard.swift */ = {isa = PBXFileReference; fileEncoding = 4; lastKnownFileType = sourcecode.swift; path = _junkyard.swift; sourceTree = "<group>"; };
		4563E0441AF8E1D600AA9EA6 /* ValueStorage.swift */ = {isa = PBXFileReference; fileEncoding = 4; lastKnownFileType = sourcecode.swift; path = ValueStorage.swift; sourceTree = "<group>"; };
		4563E0461AF8E7F300AA9EA6 /* SignalEmitter.swift */ = {isa = PBXFileReference; fileEncoding = 4; lastKnownFileType = sourcecode.swift; path = SignalEmitter.swift; sourceTree = "<group>"; };
		4563E0481AF8E86100AA9EA6 /* SignalSensor.swift */ = {isa = PBXFileReference; fileEncoding = 4; lastKnownFileType = sourcecode.swift; path = SignalSensor.swift; sourceTree = "<group>"; };
		4563E04A1AF8F35600AA9EA6 /* CollectionTransaction.swift */ = {isa = PBXFileReference; fileEncoding = 4; lastKnownFileType = sourcecode.swift; path = CollectionTransaction.swift; sourceTree = "<group>"; };
		4563E04B1AF8F35600AA9EA6 /* SetSignal.swift */ = {isa = PBXFileReference; fileEncoding = 4; lastKnownFileType = sourcecode.swift; path = SetSignal.swift; sourceTree = "<group>"; };
		4563E04C1AF8F35600AA9EA6 /* ArraySignal.swift */ = {isa = PBXFileReference; fileEncoding = 4; lastKnownFileType = sourcecode.swift; path = ArraySignal.swift; sourceTree = "<group>"; };
		4563E04D1AF8F35600AA9EA6 /* DictionarySignal.swift */ = {isa = PBXFileReference; fileEncoding = 4; lastKnownFileType = sourcecode.swift; path = DictionarySignal.swift; sourceTree = "<group>"; };
		4563E0541AF8F3F800AA9EA6 /* OrderingTreeSignal.swift */ = {isa = PBXFileReference; fileEncoding = 4; lastKnownFileType = sourcecode.swift; path = OrderingTreeSignal.swift; sourceTree = "<group>"; };
		4563E0561AF8F3FF00AA9EA6 /* OrderlessTreeSignal.swift */ = {isa = PBXFileReference; fileEncoding = 4; lastKnownFileType = sourcecode.swift; path = OrderlessTreeSignal.swift; sourceTree = "<group>"; };
		4563E05B1AF8F4F400AA9EA6 /* ArrayStorage.swift */ = {isa = PBXFileReference; fileEncoding = 4; lastKnownFileType = sourcecode.swift; path = ArrayStorage.swift; sourceTree = "<group>"; };
		4563E05D1AF8F7EA00AA9EA6 /* ArrayDiffset.swift */ = {isa = PBXFileReference; fileEncoding = 4; lastKnownFileType = sourcecode.swift; path = ArrayDiffset.swift; sourceTree = "<group>"; };
		4563E0651AF8FCA800AA9EA6 /* Channel3Mobile.framework */ = {isa = PBXFileReference; explicitFileType = wrapper.framework; includeInIndex = 0; path = Channel3Mobile.framework; sourceTree = BUILT_PRODUCTS_DIR; };
		4563E0681AF8FCA800AA9EA6 /* Info.plist */ = {isa = PBXFileReference; lastKnownFileType = text.plist.xml; path = Info.plist; sourceTree = "<group>"; };
		4563E0691AF8FCA800AA9EA6 /* Channel3Mobile.h */ = {isa = PBXFileReference; lastKnownFileType = sourcecode.c.h; path = Channel3Mobile.h; sourceTree = "<group>"; };
		4563E0751AF8FCA800AA9EA6 /* Info.plist */ = {isa = PBXFileReference; lastKnownFileType = text.plist.xml; path = Info.plist; sourceTree = "<group>"; };
		4563E0761AF8FCA800AA9EA6 /* Channel3MobileTests.swift */ = {isa = PBXFileReference; lastKnownFileType = sourcecode.swift; path = Channel3MobileTests.swift; sourceTree = "<group>"; };
		4563E08A1AF8FE4700AA9EA6 /* UIKit.framework */ = {isa = PBXFileReference; lastKnownFileType = wrapper.framework; name = UIKit.framework; path = Platforms/iPhoneOS.platform/Developer/SDKs/iPhoneOS8.3.sdk/System/Library/Frameworks/UIKit.framework; sourceTree = DEVELOPER_DIR; };
		45D987AA1AF923BB003A5BC0 /* DictionaryStorage.swift */ = {isa = PBXFileReference; fileEncoding = 4; lastKnownFileType = sourcecode.swift; path = DictionaryStorage.swift; sourceTree = "<group>"; };
		45D987AC1AF923C0003A5BC0 /* SetStorage.swift */ = {isa = PBXFileReference; fileEncoding = 4; lastKnownFileType = sourcecode.swift; path = SetStorage.swift; sourceTree = "<group>"; };
		45D987AE1AF924C2003A5BC0 /* CollectionStorage.swift */ = {isa = PBXFileReference; fileEncoding = 4; lastKnownFileType = sourcecode.swift; path = CollectionStorage.swift; sourceTree = "<group>"; };
		45E3F1AF1AF8AF570078E7E8 /* Channel3 */ = {isa = PBXFileReference; explicitFileType = "compiled.mach-o.executable"; includeInIndex = 0; path = Channel3; sourceTree = BUILT_PRODUCTS_DIR; };
		45E3F1B21AF8AF570078E7E8 /* main.swift */ = {isa = PBXFileReference; lastKnownFileType = sourcecode.swift; path = main.swift; sourceTree = "<group>"; };
		45E3F1B91AF8AF600078E7E8 /* Protocols.swift */ = {isa = PBXFileReference; fileEncoding = 4; lastKnownFileType = sourcecode.swift; path = Protocols.swift; sourceTree = "<group>"; };
		45E3F1BD1AF8BB820078E7E8 /* _Observatory.swift */ = {isa = PBXFileReference; fileEncoding = 4; lastKnownFileType = sourcecode.swift; path = _Observatory.swift; sourceTree = "<group>"; };
/* End PBXFileReference section */

/* Begin PBXFrameworksBuildPhase section */
		4563E0611AF8FCA800AA9EA6 /* Frameworks */ = {
			isa = PBXFrameworksBuildPhase;
			buildActionMask = 2147483647;
			files = (
				4563E08B1AF8FE4700AA9EA6 /* UIKit.framework in Frameworks */,
			);
			runOnlyForDeploymentPostprocessing = 0;
		};
		45E3F1AC1AF8AF570078E7E8 /* Frameworks */ = {
			isa = PBXFrameworksBuildPhase;
			buildActionMask = 2147483647;
			files = (
			);
			runOnlyForDeploymentPostprocessing = 0;
		};
/* End PBXFrameworksBuildPhase section */

/* Begin PBXGroup section */
		4503AE1A1AFCDE32006AB1F0 /* (stateless signal processing) */ = {
			isa = PBXGroup;
			children = (
				4503AE181AFCDE1F006AB1F0 /* SignalMap.swift */,
				4503AE1B1AFCDF71006AB1F0 /* SignalFilter.swift */,
			);
			name = "(stateless signal processing)";
			sourceTree = "<group>";
		};
		4503AE211AFCE13F006AB1F0 /* (stateful signals processing) */ = {
			isa = PBXGroup;
			children = (
				4503AE231AFD9431006AB1F0 /* DictionarySignalSubsetDictionaryStorage.swift */,
				4503AE1F1AFCE13B006AB1F0 /* DictionarySignalSortingArrayStorage.swift */,
			);
			name = "(stateful signals processing)";
			sourceTree = "<group>";
		};
		4503AE221AFD043B006AB1F0 /* (concepts) */ = {
			isa = PBXGroup;
			children = (
				45E3F1B91AF8AF600078E7E8 /* Protocols.swift */,
			);
			name = "(concepts)";
			sourceTree = "<group>";
		};
		4563E0581AF8F48E00AA9EA6 /* (stateful signals) */ = {
			isa = PBXGroup;
			children = (
				4563E04A1AF8F35600AA9EA6 /* CollectionTransaction.swift */,
				4563E04B1AF8F35600AA9EA6 /* SetSignal.swift */,
				4563E04D1AF8F35600AA9EA6 /* DictionarySignal.swift */,
				4563E04C1AF8F35600AA9EA6 /* ArraySignal.swift */,
				4563E0541AF8F3F800AA9EA6 /* OrderingTreeSignal.swift */,
				4563E0561AF8F3FF00AA9EA6 /* OrderlessTreeSignal.swift */,
			);
			name = "(stateful signals)";
			sourceTree = "<group>";
		};
		4563E0591AF8F49700AA9EA6 /* (stateless signaling facilities) */ = {
			isa = PBXGroup;
			children = (
				4563E0461AF8E7F300AA9EA6 /* SignalEmitter.swift */,
				4563E0481AF8E86100AA9EA6 /* SignalSensor.swift */,
			);
			name = "(stateless signaling facilities)";
			sourceTree = "<group>";
		};
		4563E05A1AF8F4D400AA9EA6 /* (state containers) */ = {
			isa = PBXGroup;
			children = (
				4563E0441AF8E1D600AA9EA6 /* ValueStorage.swift */,
				45D987AE1AF924C2003A5BC0 /* CollectionStorage.swift */,
				45D987AC1AF923C0003A5BC0 /* SetStorage.swift */,
				45D987AA1AF923BB003A5BC0 /* DictionaryStorage.swift */,
				4503AE251AFD9EEF006AB1F0 /* DictionaryEditor.swift */,
				4563E05B1AF8F4F400AA9EA6 /* ArrayStorage.swift */,
				4503AE141AFBC3D8006AB1F0 /* ArrayEditor.swift */,
			);
			name = "(state containers)";
			sourceTree = "<group>";
		};
		4563E05F1AF8FB4A00AA9EA6 /* (UIKit support) */ = {
			isa = PBXGroup;
			children = (
				4563E05D1AF8F7EA00AA9EA6 /* ArrayDiffset.swift */,
			);
			name = "(UIKit support)";
			sourceTree = "<group>";
		};
		4563E0661AF8FCA800AA9EA6 /* Channel3Mobile */ = {
			isa = PBXGroup;
			children = (
				4563E0691AF8FCA800AA9EA6 /* Channel3Mobile.h */,
				4563E0671AF8FCA800AA9EA6 /* Supporting Files */,
			);
			path = Channel3Mobile;
			sourceTree = "<group>";
		};
		4563E0671AF8FCA800AA9EA6 /* Supporting Files */ = {
			isa = PBXGroup;
			children = (
				4563E0681AF8FCA800AA9EA6 /* Info.plist */,
			);
			name = "Supporting Files";
			sourceTree = "<group>";
		};
		4563E0731AF8FCA800AA9EA6 /* Channel3MobileTests */ = {
			isa = PBXGroup;
			children = (
				4563E0761AF8FCA800AA9EA6 /* Channel3MobileTests.swift */,
				4563E0741AF8FCA800AA9EA6 /* Supporting Files */,
			);
			path = Channel3MobileTests;
			sourceTree = "<group>";
		};
		4563E0741AF8FCA800AA9EA6 /* Supporting Files */ = {
			isa = PBXGroup;
			children = (
				4563E0751AF8FCA800AA9EA6 /* Info.plist */,
			);
			name = "Supporting Files";
			sourceTree = "<group>";
		};
		45E3F1A61AF8AF560078E7E8 = {
			isa = PBXGroup;
			children = (
				4563E08A1AF8FE4700AA9EA6 /* UIKit.framework */,
				45E3F1B11AF8AF570078E7E8 /* Channel3 */,
				4563E0661AF8FCA800AA9EA6 /* Channel3Mobile */,
				4563E0731AF8FCA800AA9EA6 /* Channel3MobileTests */,
				45E3F1B01AF8AF570078E7E8 /* Products */,
			);
			sourceTree = "<group>";
		};
		45E3F1B01AF8AF570078E7E8 /* Products */ = {
			isa = PBXGroup;
			children = (
				45E3F1AF1AF8AF570078E7E8 /* Channel3 */,
				4563E0651AF8FCA800AA9EA6 /* Channel3Mobile.framework */,
			);
			name = Products;
			sourceTree = "<group>";
		};
		45E3F1B11AF8AF570078E7E8 /* Channel3 */ = {
			isa = PBXGroup;
			children = (
				45E3F1B21AF8AF570078E7E8 /* main.swift */,
				4503AE221AFD043B006AB1F0 /* (concepts) */,
				4563E0591AF8F49700AA9EA6 /* (stateless signaling facilities) */,
				4503AE1A1AFCDE32006AB1F0 /* (stateless signal processing) */,
				4563E05A1AF8F4D400AA9EA6 /* (state containers) */,
				4563E0581AF8F48E00AA9EA6 /* (stateful signals) */,
				4503AE211AFCE13F006AB1F0 /* (stateful signals processing) */,
				4563E05F1AF8FB4A00AA9EA6 /* (UIKit support) */,
				45E3F1BD1AF8BB820078E7E8 /* _Observatory.swift */,
				45611FFB1AFB9AAD00E7E5FA /* _junkyard.swift */,
			);
			path = Channel3;
			sourceTree = "<group>";
		};
/* End PBXGroup section */

/* Begin PBXHeadersBuildPhase section */
		4563E0621AF8FCA800AA9EA6 /* Headers */ = {
			isa = PBXHeadersBuildPhase;
			buildActionMask = 2147483647;
			files = (
				4563E06A1AF8FCA800AA9EA6 /* Channel3Mobile.h in Headers */,
			);
			runOnlyForDeploymentPostprocessing = 0;
		};
/* End PBXHeadersBuildPhase section */

/* Begin PBXNativeTarget section */
		4563E0641AF8FCA800AA9EA6 /* Channel3Mobile */ = {
			isa = PBXNativeTarget;
			buildConfigurationList = 4563E0781AF8FCA800AA9EA6 /* Build configuration list for PBXNativeTarget "Channel3Mobile" */;
			buildPhases = (
				4563E0601AF8FCA800AA9EA6 /* Sources */,
				4563E0611AF8FCA800AA9EA6 /* Frameworks */,
				4563E0621AF8FCA800AA9EA6 /* Headers */,
				4563E0631AF8FCA800AA9EA6 /* Resources */,
			);
			buildRules = (
			);
			dependencies = (
			);
			name = Channel3Mobile;
			productName = Channel3Mobile;
			productReference = 4563E0651AF8FCA800AA9EA6 /* Channel3Mobile.framework */;
			productType = "com.apple.product-type.framework";
		};
		45E3F1AE1AF8AF570078E7E8 /* Channel3 */ = {
			isa = PBXNativeTarget;
			buildConfigurationList = 45E3F1B61AF8AF570078E7E8 /* Build configuration list for PBXNativeTarget "Channel3" */;
			buildPhases = (
				45E3F1AB1AF8AF570078E7E8 /* Sources */,
				45E3F1AC1AF8AF570078E7E8 /* Frameworks */,
				45E3F1AD1AF8AF570078E7E8 /* CopyFiles */,
			);
			buildRules = (
			);
			dependencies = (
			);
			name = Channel3;
			productName = Channel3;
			productReference = 45E3F1AF1AF8AF570078E7E8 /* Channel3 */;
			productType = "com.apple.product-type.tool";
		};
/* End PBXNativeTarget section */

/* Begin PBXProject section */
		45E3F1A71AF8AF560078E7E8 /* Project object */ = {
			isa = PBXProject;
			attributes = {
				LastUpgradeCheck = 0630;
				ORGANIZATIONNAME = Eonil;
				TargetAttributes = {
					4563E0641AF8FCA800AA9EA6 = {
						CreatedOnToolsVersion = 6.3.1;
					};
					45E3F1AE1AF8AF570078E7E8 = {
						CreatedOnToolsVersion = 6.3.1;
					};
				};
			};
			buildConfigurationList = 45E3F1AA1AF8AF560078E7E8 /* Build configuration list for PBXProject "Channel3" */;
			compatibilityVersion = "Xcode 3.2";
			developmentRegion = English;
			hasScannedForEncodings = 0;
			knownRegions = (
				en,
			);
			mainGroup = 45E3F1A61AF8AF560078E7E8;
			productRefGroup = 45E3F1B01AF8AF570078E7E8 /* Products */;
			projectDirPath = "";
			projectRoot = "";
			targets = (
				45E3F1AE1AF8AF570078E7E8 /* Channel3 */,
				4563E0641AF8FCA800AA9EA6 /* Channel3Mobile */,
			);
		};
/* End PBXProject section */

/* Begin PBXResourcesBuildPhase section */
		4563E0631AF8FCA800AA9EA6 /* Resources */ = {
			isa = PBXResourcesBuildPhase;
			buildActionMask = 2147483647;
			files = (
			);
			runOnlyForDeploymentPostprocessing = 0;
		};
/* End PBXResourcesBuildPhase section */

/* Begin PBXSourcesBuildPhase section */
		4563E0601AF8FCA800AA9EA6 /* Sources */ = {
			isa = PBXSourcesBuildPhase;
			buildActionMask = 2147483647;
			files = (
				4563E0821AF8FCBD00AA9EA6 /* ArrayStorage.swift in Sources */,
				4563E0851AF8FCBD00AA9EA6 /* ArraySignal.swift in Sources */,
				4563E0801AF8FCBD00AA9EA6 /* SignalSensor.swift in Sources */,
				4563E07F1AF8FCBD00AA9EA6 /* SignalEmitter.swift in Sources */,
				4563E07E1AF8FCBD00AA9EA6 /* Protocols.swift in Sources */,
				4563E0891AF8FCBD00AA9EA6 /* ArrayDiffset.swift in Sources */,
				4563E0831AF8FCBD00AA9EA6 /* CollectionTransaction.swift in Sources */,
				4563E0811AF8FCBD00AA9EA6 /* ValueStorage.swift in Sources */,
				4563E0871AF8FCBD00AA9EA6 /* OrderingTreeSignal.swift in Sources */,
				4563E0841AF8FCBD00AA9EA6 /* SetSignal.swift in Sources */,
				4563E0861AF8FCBD00AA9EA6 /* DictionarySignal.swift in Sources */,
				4563E0881AF8FCBD00AA9EA6 /* OrderlessTreeSignal.swift in Sources */,
			);
			runOnlyForDeploymentPostprocessing = 0;
		};
		45E3F1AB1AF8AF570078E7E8 /* Sources */ = {
			isa = PBXSourcesBuildPhase;
			buildActionMask = 2147483647;
			files = (
				4563E05C1AF8F4F400AA9EA6 /* ArrayStorage.swift in Sources */,
				45E3F1B31AF8AF570078E7E8 /* main.swift in Sources */,
				4563E05E1AF8F7EA00AA9EA6 /* ArrayDiffset.swift in Sources */,
				4563E0471AF8E7F300AA9EA6 /* SignalEmitter.swift in Sources */,
				4503AE201AFCE13B006AB1F0 /* DictionarySignalSortingArrayStorage.swift in Sources */,
				4563E04E1AF8F35600AA9EA6 /* CollectionTransaction.swift in Sources */,
				45611FFC1AFB9AAD00E7E5FA /* _junkyard.swift in Sources */,
				4503AE1C1AFCDF71006AB1F0 /* SignalFilter.swift in Sources */,
				4503AE151AFBC3D8006AB1F0 /* ArrayEditor.swift in Sources */,
				45E3F1BE1AF8BB820078E7E8 /* _Observatory.swift in Sources */,
				4503AE191AFCDE1F006AB1F0 /* SignalMap.swift in Sources */,
				4563E04F1AF8F35600AA9EA6 /* SetSignal.swift in Sources */,
				45E3F1BA1AF8AF600078E7E8 /* Protocols.swift in Sources */,
				45D987AB1AF923BB003A5BC0 /* DictionaryStorage.swift in Sources */,
				4563E0451AF8E1D600AA9EA6 /* ValueStorage.swift in Sources */,
				4563E0511AF8F35600AA9EA6 /* DictionarySignal.swift in Sources */,
				4563E0501AF8F35600AA9EA6 /* ArraySignal.swift in Sources */,
				45D987AD1AF923C0003A5BC0 /* SetStorage.swift in Sources */,
				4563E0571AF8F3FF00AA9EA6 /* OrderlessTreeSignal.swift in Sources */,
				4563E0551AF8F3F800AA9EA6 /* OrderingTreeSignal.swift in Sources */,
				45D987AF1AF924C2003A5BC0 /* CollectionStorage.swift in Sources */,
				4563E0491AF8E86100AA9EA6 /* SignalSensor.swift in Sources */,
				4503AE261AFD9EEF006AB1F0 /* DictionaryEditor.swift in Sources */,
				4503AE241AFD9431006AB1F0 /* DictionarySignalSubsetDictionaryStorage.swift in Sources */,
			);
			runOnlyForDeploymentPostprocessing = 0;
		};
/* End PBXSourcesBuildPhase section */

/* Begin XCBuildConfiguration section */
		4563E0791AF8FCA800AA9EA6 /* Debug */ = {
			isa = XCBuildConfiguration;
			buildSettings = {
				"CODE_SIGN_IDENTITY[sdk=iphoneos*]" = "iPhone Developer";
				CURRENT_PROJECT_VERSION = 1;
				DEBUG_INFORMATION_FORMAT = "dwarf-with-dsym";
				DEFINES_MODULE = YES;
				DYLIB_COMPATIBILITY_VERSION = 1;
				DYLIB_CURRENT_VERSION = 1;
				DYLIB_INSTALL_NAME_BASE = "@rpath";
				GCC_PREPROCESSOR_DEFINITIONS = (
					"DEBUG=1",
					"$(inherited)",
				);
				INFOPLIST_FILE = Channel3Mobile/Info.plist;
				INSTALL_PATH = "$(LOCAL_LIBRARY_DIR)/Frameworks";
				IPHONEOS_DEPLOYMENT_TARGET = 8.3;
				LD_RUNPATH_SEARCH_PATHS = "$(inherited) @executable_path/Frameworks @loader_path/Frameworks";
				PRODUCT_NAME = "$(TARGET_NAME)";
				SDKROOT = iphoneos;
				SKIP_INSTALL = YES;
				TARGETED_DEVICE_FAMILY = "1,2";
				VERSIONING_SYSTEM = "apple-generic";
				VERSION_INFO_PREFIX = "";
			};
			name = Debug;
		};
		4563E07A1AF8FCA800AA9EA6 /* Release */ = {
			isa = XCBuildConfiguration;
			buildSettings = {
				"CODE_SIGN_IDENTITY[sdk=iphoneos*]" = "iPhone Developer";
				CURRENT_PROJECT_VERSION = 1;
				DEFINES_MODULE = YES;
				DYLIB_COMPATIBILITY_VERSION = 1;
				DYLIB_CURRENT_VERSION = 1;
				DYLIB_INSTALL_NAME_BASE = "@rpath";
				INFOPLIST_FILE = Channel3Mobile/Info.plist;
				INSTALL_PATH = "$(LOCAL_LIBRARY_DIR)/Frameworks";
				IPHONEOS_DEPLOYMENT_TARGET = 8.3;
				LD_RUNPATH_SEARCH_PATHS = "$(inherited) @executable_path/Frameworks @loader_path/Frameworks";
				PRODUCT_NAME = "$(TARGET_NAME)";
				SDKROOT = iphoneos;
				SKIP_INSTALL = YES;
				TARGETED_DEVICE_FAMILY = "1,2";
				VALIDATE_PRODUCT = YES;
				VERSIONING_SYSTEM = "apple-generic";
				VERSION_INFO_PREFIX = "";
			};
			name = Release;
		};
		45E3F1B41AF8AF570078E7E8 /* Debug */ = {
			isa = XCBuildConfiguration;
			buildSettings = {
				ALWAYS_SEARCH_USER_PATHS = NO;
				CLANG_CXX_LANGUAGE_STANDARD = "gnu++0x";
				CLANG_CXX_LIBRARY = "libc++";
				CLANG_ENABLE_MODULES = YES;
				CLANG_ENABLE_OBJC_ARC = YES;
				CLANG_WARN_BOOL_CONVERSION = YES;
				CLANG_WARN_CONSTANT_CONVERSION = YES;
				CLANG_WARN_DIRECT_OBJC_ISA_USAGE = YES_ERROR;
				CLANG_WARN_EMPTY_BODY = YES;
				CLANG_WARN_ENUM_CONVERSION = YES;
				CLANG_WARN_INT_CONVERSION = YES;
				CLANG_WARN_OBJC_ROOT_CLASS = YES_ERROR;
				CLANG_WARN_UNREACHABLE_CODE = YES;
				CLANG_WARN__DUPLICATE_METHOD_MATCH = YES;
				COPY_PHASE_STRIP = NO;
				DEBUG_INFORMATION_FORMAT = dwarf;
				ENABLE_STRICT_OBJC_MSGSEND = YES;
				GCC_C_LANGUAGE_STANDARD = gnu99;
				GCC_DYNAMIC_NO_PIC = NO;
				GCC_NO_COMMON_BLOCKS = YES;
				GCC_OPTIMIZATION_LEVEL = 0;
				GCC_PREPROCESSOR_DEFINITIONS = (
					"DEBUG=1",
					"$(inherited)",
				);
				GCC_SYMBOLS_PRIVATE_EXTERN = NO;
				GCC_WARN_64_TO_32_BIT_CONVERSION = YES;
				GCC_WARN_ABOUT_RETURN_TYPE = YES_ERROR;
				GCC_WARN_UNDECLARED_SELECTOR = YES;
				GCC_WARN_UNINITIALIZED_AUTOS = YES_AGGRESSIVE;
				GCC_WARN_UNUSED_FUNCTION = YES;
				GCC_WARN_UNUSED_VARIABLE = YES;
				MACOSX_DEPLOYMENT_TARGET = 10.10;
				MTL_ENABLE_DEBUG_INFO = YES;
				ONLY_ACTIVE_ARCH = YES;
				SDKROOT = macosx;
				SWIFT_OPTIMIZATION_LEVEL = "-Onone";
			};
			name = Debug;
		};
		45E3F1B51AF8AF570078E7E8 /* Release */ = {
			isa = XCBuildConfiguration;
			buildSettings = {
				ALWAYS_SEARCH_USER_PATHS = NO;
				CLANG_CXX_LANGUAGE_STANDARD = "gnu++0x";
				CLANG_CXX_LIBRARY = "libc++";
				CLANG_ENABLE_MODULES = YES;
				CLANG_ENABLE_OBJC_ARC = YES;
				CLANG_WARN_BOOL_CONVERSION = YES;
				CLANG_WARN_CONSTANT_CONVERSION = YES;
				CLANG_WARN_DIRECT_OBJC_ISA_USAGE = YES_ERROR;
				CLANG_WARN_EMPTY_BODY = YES;
				CLANG_WARN_ENUM_CONVERSION = YES;
				CLANG_WARN_INT_CONVERSION = YES;
				CLANG_WARN_OBJC_ROOT_CLASS = YES_ERROR;
				CLANG_WARN_UNREACHABLE_CODE = YES;
				CLANG_WARN__DUPLICATE_METHOD_MATCH = YES;
				COPY_PHASE_STRIP = NO;
				DEBUG_INFORMATION_FORMAT = "dwarf-with-dsym";
				ENABLE_NS_ASSERTIONS = NO;
				ENABLE_STRICT_OBJC_MSGSEND = YES;
				GCC_C_LANGUAGE_STANDARD = gnu99;
				GCC_NO_COMMON_BLOCKS = YES;
				GCC_WARN_64_TO_32_BIT_CONVERSION = YES;
				GCC_WARN_ABOUT_RETURN_TYPE = YES_ERROR;
				GCC_WARN_UNDECLARED_SELECTOR = YES;
				GCC_WARN_UNINITIALIZED_AUTOS = YES_AGGRESSIVE;
				GCC_WARN_UNUSED_FUNCTION = YES;
				GCC_WARN_UNUSED_VARIABLE = YES;
				MACOSX_DEPLOYMENT_TARGET = 10.10;
				MTL_ENABLE_DEBUG_INFO = NO;
				SDKROOT = macosx;
			};
			name = Release;
		};
		45E3F1B71AF8AF570078E7E8 /* Debug */ = {
			isa = XCBuildConfiguration;
			buildSettings = {
				PRODUCT_NAME = "$(TARGET_NAME)";
			};
			name = Debug;
		};
		45E3F1B81AF8AF570078E7E8 /* Release */ = {
			isa = XCBuildConfiguration;
			buildSettings = {
				PRODUCT_NAME = "$(TARGET_NAME)";
			};
			name = Release;
		};
/* End XCBuildConfiguration section */

/* Begin XCConfigurationList section */
		4563E0781AF8FCA800AA9EA6 /* Build configuration list for PBXNativeTarget "Channel3Mobile" */ = {
			isa = XCConfigurationList;
			buildConfigurations = (
				4563E0791AF8FCA800AA9EA6 /* Debug */,
				4563E07A1AF8FCA800AA9EA6 /* Release */,
			);
			defaultConfigurationIsVisible = 0;
			defaultConfigurationName = Release;
		};
		45E3F1AA1AF8AF560078E7E8 /* Build configuration list for PBXProject "Channel3" */ = {
			isa = XCConfigurationList;
			buildConfigurations = (
				45E3F1B41AF8AF570078E7E8 /* Debug */,
				45E3F1B51AF8AF570078E7E8 /* Release */,
			);
			defaultConfigurationIsVisible = 0;
			defaultConfigurationName = Release;
		};
		45E3F1B61AF8AF570078E7E8 /* Build configuration list for PBXNativeTarget "Channel3" */ = {
			isa = XCConfigurationList;
			buildConfigurations = (
				45E3F1B71AF8AF570078E7E8 /* Debug */,
				45E3F1B81AF8AF570078E7E8 /* Release */,
			);
			defaultConfigurationIsVisible = 0;
			defaultConfigurationName = Release;
		};
/* End XCConfigurationList section */
	};
	rootObject = 45E3F1A71AF8AF560078E7E8 /* Project object */;
}
